
Microsoft Visual Studio Solution File, Format Version 12.00
# Visual Studio Version 16
VisualStudioVersion = 16.0.30114.105
MinimumVisualStudioVersion = 10.0.40219.1
Project("{FAE04EC0-301F-11D3-BF4B-00C04F79EFBC}") = "ClientSocket", "ClientSocket\ClientSocket.csproj", "{3FE6BCCF-1ECE-4D4F-B6BA-152797594472}"
EndProject
Global
	GlobalSection(SolutionConfigurationPlatforms) = preSolution
		Debug|Any CPU = Debug|Any CPU
		Release|Any CPU = Release|Any CPU
	EndGlobalSection
	GlobalSection(ProjectConfigurationPlatforms) = postSolution
		{3FE6BCCF-1ECE-4D4F-B6BA-152797594472}.Debug|Any CPU.ActiveCfg = Debug|Any CPU
		{3FE6BCCF-1ECE-4D4F-B6BA-152797594472}.Debug|Any CPU.Build.0 = Debug|Any CPU
		{3FE6BCCF-1ECE-4D4F-B6BA-152797594472}.Release|Any CPU.ActiveCfg = Release|Any CPU
		{3FE6BCCF-1ECE-4D4F-B6BA-152797594472}.Release|Any CPU.Build.0 = Release|Any CPU
	EndGlobalSection
	GlobalSection(SolutionProperties) = preSolution
		HideSolutionNode = FALSE
	EndGlobalSection
	GlobalSection(ExtensibilityGlobals) = postSolution
		SolutionGuid = {815A8B44-70F2-4019-9D6E-4E1EE6780E9A}
	EndGlobalSection
EndGlobal
